// !$*UTF8*$!
{
	archiveVersion = 1;
	classes = {
	};
	objectVersion = 50;
	objects = {

/* Begin PBXBuildFile section */
		1D04333D25ACB0C50001796D /* Constants.swift in Sources */ = {isa = PBXBuildFile; fileRef = 1D04333C25ACB0C50001796D /* Constants.swift */; };
		1D04334125ACFACA0001796D /* Categories+CoreDataProperties.swift in Sources */ = {isa = PBXBuildFile; fileRef = 1D04334025ACFACA0001796D /* Categories+CoreDataProperties.swift */; };
		1D8CA38025A7968700DBCE74 /* AppDelegate.swift in Sources */ = {isa = PBXBuildFile; fileRef = 1D8CA37F25A7968700DBCE74 /* AppDelegate.swift */; };
		1D8CA38225A7968700DBCE74 /* SceneDelegate.swift in Sources */ = {isa = PBXBuildFile; fileRef = 1D8CA38125A7968700DBCE74 /* SceneDelegate.swift */; };
		1D8CA38725A7968700DBCE74 /* Main.storyboard in Resources */ = {isa = PBXBuildFile; fileRef = 1D8CA38525A7968700DBCE74 /* Main.storyboard */; };
		1D8CA38A25A7968700DBCE74 /* FoodManChu.xcdatamodeld in Sources */ = {isa = PBXBuildFile; fileRef = 1D8CA38825A7968700DBCE74 /* FoodManChu.xcdatamodeld */; };
		1D8CA38C25A7968800DBCE74 /* Assets.xcassets in Resources */ = {isa = PBXBuildFile; fileRef = 1D8CA38B25A7968800DBCE74 /* Assets.xcassets */; };
		1D8CA38F25A7968800DBCE74 /* LaunchScreen.storyboard in Resources */ = {isa = PBXBuildFile; fileRef = 1D8CA38D25A7968800DBCE74 /* LaunchScreen.storyboard */; };
		1D8CA3B025A7AEA700DBCE74 /* Categories+CoreDataClass.swift in Sources */ = {isa = PBXBuildFile; fileRef = 1D8CA3AA25A7AEA700DBCE74 /* Categories+CoreDataClass.swift */; };
		1D8CA3B225A7AEA700DBCE74 /* Recipe+CoreDataClass.swift in Sources */ = {isa = PBXBuildFile; fileRef = 1D8CA3AC25A7AEA700DBCE74 /* Recipe+CoreDataClass.swift */; };
		1D8CA3B425A7AEA700DBCE74 /* Ingredients+CoreDataClass.swift in Sources */ = {isa = PBXBuildFile; fileRef = 1D8CA3AE25A7AEA700DBCE74 /* Ingredients+CoreDataClass.swift */; };
		1D8CA3B525A7AEA700DBCE74 /* Ingredients+CoreDataProperties.swift in Sources */ = {isa = PBXBuildFile; fileRef = 1D8CA3AF25A7AEA700DBCE74 /* Ingredients+CoreDataProperties.swift */; };
		1D8CA3BA25A7B5A200DBCE74 /* InitialVC.swift in Sources */ = {isa = PBXBuildFile; fileRef = 1D8CA3B925A7B5A200DBCE74 /* InitialVC.swift */; };
		1DE431B325A8FBA2002C6A2D /* SearchVC.swift in Sources */ = {isa = PBXBuildFile; fileRef = 1DE431B225A8FBA2002C6A2D /* SearchVC.swift */; };
		1DE431BA25A8FD43002C6A2D /* SearchTableViewCell.swift in Sources */ = {isa = PBXBuildFile; fileRef = 1DE431B925A8FD43002C6A2D /* SearchTableViewCell.swift */; };
		1DFC65EC25AD01640047493F /* Recipe+CoreDataProperties.swift in Sources */ = {isa = PBXBuildFile; fileRef = 1DFC65EB25AD01640047493F /* Recipe+CoreDataProperties.swift */; };
/* End PBXBuildFile section */

/* Begin PBXFileReference section */
		1D04333C25ACB0C50001796D /* Constants.swift */ = {isa = PBXFileReference; lastKnownFileType = sourcecode.swift; path = Constants.swift; sourceTree = "<group>"; };
		1D04334025ACFACA0001796D /* Categories+CoreDataProperties.swift */ = {isa = PBXFileReference; lastKnownFileType = sourcecode.swift; path = "Categories+CoreDataProperties.swift"; sourceTree = "<group>"; };
		1D8CA37C25A7968700DBCE74 /* FoodManChu.app */ = {isa = PBXFileReference; explicitFileType = wrapper.application; includeInIndex = 0; path = FoodManChu.app; sourceTree = BUILT_PRODUCTS_DIR; };
		1D8CA37F25A7968700DBCE74 /* AppDelegate.swift */ = {isa = PBXFileReference; lastKnownFileType = sourcecode.swift; path = AppDelegate.swift; sourceTree = "<group>"; };
		1D8CA38125A7968700DBCE74 /* SceneDelegate.swift */ = {isa = PBXFileReference; lastKnownFileType = sourcecode.swift; path = SceneDelegate.swift; sourceTree = "<group>"; };
		1D8CA38625A7968700DBCE74 /* Base */ = {isa = PBXFileReference; lastKnownFileType = file.storyboard; name = Base; path = Base.lproj/Main.storyboard; sourceTree = "<group>"; };
		1D8CA38925A7968700DBCE74 /* FoodManChu.xcdatamodel */ = {isa = PBXFileReference; lastKnownFileType = wrapper.xcdatamodel; path = FoodManChu.xcdatamodel; sourceTree = "<group>"; };
		1D8CA38B25A7968800DBCE74 /* Assets.xcassets */ = {isa = PBXFileReference; lastKnownFileType = folder.assetcatalog; path = Assets.xcassets; sourceTree = "<group>"; };
		1D8CA38E25A7968800DBCE74 /* Base */ = {isa = PBXFileReference; lastKnownFileType = file.storyboard; name = Base; path = Base.lproj/LaunchScreen.storyboard; sourceTree = "<group>"; };
		1D8CA39025A7968800DBCE74 /* Info.plist */ = {isa = PBXFileReference; lastKnownFileType = text.plist.xml; path = Info.plist; sourceTree = "<group>"; };
		1D8CA3AA25A7AEA700DBCE74 /* Categories+CoreDataClass.swift */ = {isa = PBXFileReference; lastKnownFileType = sourcecode.swift; path = "Categories+CoreDataClass.swift"; sourceTree = "<group>"; };
		1D8CA3AC25A7AEA700DBCE74 /* Recipe+CoreDataClass.swift */ = {isa = PBXFileReference; lastKnownFileType = sourcecode.swift; path = "Recipe+CoreDataClass.swift"; sourceTree = "<group>"; };
		1D8CA3AE25A7AEA700DBCE74 /* Ingredients+CoreDataClass.swift */ = {isa = PBXFileReference; lastKnownFileType = sourcecode.swift; path = "Ingredients+CoreDataClass.swift"; sourceTree = "<group>"; };
		1D8CA3AF25A7AEA700DBCE74 /* Ingredients+CoreDataProperties.swift */ = {isa = PBXFileReference; lastKnownFileType = sourcecode.swift; path = "Ingredients+CoreDataProperties.swift"; sourceTree = "<group>"; };
		1D8CA3B925A7B5A200DBCE74 /* InitialVC.swift */ = {isa = PBXFileReference; lastKnownFileType = sourcecode.swift; path = InitialVC.swift; sourceTree = "<group>"; };
		1DE431B225A8FBA2002C6A2D /* SearchVC.swift */ = {isa = PBXFileReference; lastKnownFileType = sourcecode.swift; path = SearchVC.swift; sourceTree = "<group>"; };
		1DE431B925A8FD43002C6A2D /* SearchTableViewCell.swift */ = {isa = PBXFileReference; lastKnownFileType = sourcecode.swift; path = SearchTableViewCell.swift; sourceTree = "<group>"; };
		1DFC65EB25AD01640047493F /* Recipe+CoreDataProperties.swift */ = {isa = PBXFileReference; lastKnownFileType = sourcecode.swift; path = "Recipe+CoreDataProperties.swift"; sourceTree = "<group>"; };
/* End PBXFileReference section */

/* Begin PBXFrameworksBuildPhase section */
		1D8CA37925A7968700DBCE74 /* Frameworks */ = {
			isa = PBXFrameworksBuildPhase;
			buildActionMask = 2147483647;
			files = (
			);
			runOnlyForDeploymentPostprocessing = 0;
		};
/* End PBXFrameworksBuildPhase section */

/* Begin PBXGroup section */
		1D04333B25ACB0A10001796D /* Utilities */ = {
			isa = PBXGroup;
			children = (
				1D04333C25ACB0C50001796D /* Constants.swift */,
			);
			path = Utilities;
			sourceTree = "<group>";
		};
		1D8CA37325A7968700DBCE74 = {
			isa = PBXGroup;
			children = (
				1D8CA3AA25A7AEA700DBCE74 /* Categories+CoreDataClass.swift */,
				1D8CA3AC25A7AEA700DBCE74 /* Recipe+CoreDataClass.swift */,
				1D8CA3AE25A7AEA700DBCE74 /* Ingredients+CoreDataClass.swift */,
				1D8CA37E25A7968700DBCE74 /* FoodManChu */,
				1D8CA37D25A7968700DBCE74 /* Products */,
			);
			sourceTree = "<group>";
		};
		1D8CA37D25A7968700DBCE74 /* Products */ = {
			isa = PBXGroup;
			children = (
				1D8CA37C25A7968700DBCE74 /* FoodManChu.app */,
			);
			name = Products;
			sourceTree = "<group>";
		};
		1D8CA37E25A7968700DBCE74 /* FoodManChu */ = {
			isa = PBXGroup;
			children = (
				1D8CA37F25A7968700DBCE74 /* AppDelegate.swift */,
				1D8CA38125A7968700DBCE74 /* SceneDelegate.swift */,
				1D04333B25ACB0A10001796D /* Utilities */,
				1D8CA39925A7AD7300DBCE74 /* Model */,
				1D8CA39825A7AD6B00DBCE74 /* View */,
				1D8CA39725A7AD5F00DBCE74 /* Controller */,
				1D8CA38525A7968700DBCE74 /* Main.storyboard */,
				1D8CA38B25A7968800DBCE74 /* Assets.xcassets */,
				1D8CA38D25A7968800DBCE74 /* LaunchScreen.storyboard */,
				1D8CA39025A7968800DBCE74 /* Info.plist */,
				1D8CA38825A7968700DBCE74 /* FoodManChu.xcdatamodeld */,
			);
			path = FoodManChu;
			sourceTree = "<group>";
		};
		1D8CA39725A7AD5F00DBCE74 /* Controller */ = {
			isa = PBXGroup;
			children = (
				1D8CA3B925A7B5A200DBCE74 /* InitialVC.swift */,
				1DE431B225A8FBA2002C6A2D /* SearchVC.swift */,
			);
			path = Controller;
			sourceTree = "<group>";
		};
		1D8CA39825A7AD6B00DBCE74 /* View */ = {
			isa = PBXGroup;
			children = (
				1DE431B925A8FD43002C6A2D /* SearchTableViewCell.swift */,
			);
			path = View;
			sourceTree = "<group>";
		};
		1D8CA39925A7AD7300DBCE74 /* Model */ = {
			isa = PBXGroup;
			children = (
				1D04334025ACFACA0001796D /* Categories+CoreDataProperties.swift */,
				1DFC65EB25AD01640047493F /* Recipe+CoreDataProperties.swift */,
				1D8CA3AF25A7AEA700DBCE74 /* Ingredients+CoreDataProperties.swift */,
			);
			path = Model;
			sourceTree = "<group>";
		};
/* End PBXGroup section */

/* Begin PBXNativeTarget section */
		1D8CA37B25A7968700DBCE74 /* FoodManChu */ = {
			isa = PBXNativeTarget;
			buildConfigurationList = 1D8CA39325A7968800DBCE74 /* Build configuration list for PBXNativeTarget "FoodManChu" */;
			buildPhases = (
				1D8CA37825A7968700DBCE74 /* Sources */,
				1D8CA37925A7968700DBCE74 /* Frameworks */,
				1D8CA37A25A7968700DBCE74 /* Resources */,
			);
			buildRules = (
			);
			dependencies = (
			);
			name = FoodManChu;
			productName = FoodManChu;
			productReference = 1D8CA37C25A7968700DBCE74 /* FoodManChu.app */;
			productType = "com.apple.product-type.application";
		};
/* End PBXNativeTarget section */

/* Begin PBXProject section */
		1D8CA37425A7968700DBCE74 /* Project object */ = {
			isa = PBXProject;
			attributes = {
				LastSwiftUpdateCheck = 1230;
				LastUpgradeCheck = 1230;
				TargetAttributes = {
					1D8CA37B25A7968700DBCE74 = {
						CreatedOnToolsVersion = 12.3;
					};
				};
			};
			buildConfigurationList = 1D8CA37725A7968700DBCE74 /* Build configuration list for PBXProject "FoodManChu" */;
			compatibilityVersion = "Xcode 9.3";
			developmentRegion = en;
			hasScannedForEncodings = 0;
			knownRegions = (
				en,
				Base,
			);
			mainGroup = 1D8CA37325A7968700DBCE74;
			productRefGroup = 1D8CA37D25A7968700DBCE74 /* Products */;
			projectDirPath = "";
			projectRoot = "";
			targets = (
				1D8CA37B25A7968700DBCE74 /* FoodManChu */,
			);
		};
/* End PBXProject section */

/* Begin PBXResourcesBuildPhase section */
		1D8CA37A25A7968700DBCE74 /* Resources */ = {
			isa = PBXResourcesBuildPhase;
			buildActionMask = 2147483647;
			files = (
				1D8CA38F25A7968800DBCE74 /* LaunchScreen.storyboard in Resources */,
				1D8CA38C25A7968800DBCE74 /* Assets.xcassets in Resources */,
				1D8CA38725A7968700DBCE74 /* Main.storyboard in Resources */,
			);
			runOnlyForDeploymentPostprocessing = 0;
		};
/* End PBXResourcesBuildPhase section */

/* Begin PBXSourcesBuildPhase section */
		1D8CA37825A7968700DBCE74 /* Sources */ = {
			isa = PBXSourcesBuildPhase;
			buildActionMask = 2147483647;
			files = (
				1D8CA3BA25A7B5A200DBCE74 /* InitialVC.swift in Sources */,
				1D04334125ACFACA0001796D /* Categories+CoreDataProperties.swift in Sources */,
				1DE431B325A8FBA2002C6A2D /* SearchVC.swift in Sources */,
				1D8CA3B025A7AEA700DBCE74 /* Categories+CoreDataClass.swift in Sources */,
				1D8CA3B225A7AEA700DBCE74 /* Recipe+CoreDataClass.swift in Sources */,
				1D8CA38025A7968700DBCE74 /* AppDelegate.swift in Sources */,
				1D8CA3B425A7AEA700DBCE74 /* Ingredients+CoreDataClass.swift in Sources */,
				1DFC65EC25AD01640047493F /* Recipe+CoreDataProperties.swift in Sources */,
				1D04333D25ACB0C50001796D /* Constants.swift in Sources */,
				1D8CA38225A7968700DBCE74 /* SceneDelegate.swift in Sources */,
				1DE431BA25A8FD43002C6A2D /* SearchTableViewCell.swift in Sources */,
				1D8CA3B525A7AEA700DBCE74 /* Ingredients+CoreDataProperties.swift in Sources */,
				1D8CA38A25A7968700DBCE74 /* FoodManChu.xcdatamodeld in Sources */,
			);
			runOnlyForDeploymentPostprocessing = 0;
		};
/* End PBXSourcesBuildPhase section */

/* Begin PBXVariantGroup section */
		1D8CA38525A7968700DBCE74 /* Main.storyboard */ = {
			isa = PBXVariantGroup;
			children = (
				1D8CA38625A7968700DBCE74 /* Base */,
			);
			name = Main.storyboard;
			sourceTree = "<group>";
		};
		1D8CA38D25A7968800DBCE74 /* LaunchScreen.storyboard */ = {
			isa = PBXVariantGroup;
			children = (
				1D8CA38E25A7968800DBCE74 /* Base */,
			);
			name = LaunchScreen.storyboard;
			sourceTree = "<group>";
		};
/* End PBXVariantGroup section */

/* Begin XCBuildConfiguration section */
		1D8CA39125A7968800DBCE74 /* Debug */ = {
			isa = XCBuildConfiguration;
			buildSettings = {
				ALWAYS_SEARCH_USER_PATHS = NO;
				CLANG_ANALYZER_NONNULL = YES;
				CLANG_ANALYZER_NUMBER_OBJECT_CONVERSION = YES_AGGRESSIVE;
				CLANG_CXX_LANGUAGE_STANDARD = "gnu++14";
				CLANG_CXX_LIBRARY = "libc++";
				CLANG_ENABLE_MODULES = YES;
				CLANG_ENABLE_OBJC_ARC = YES;
				CLANG_ENABLE_OBJC_WEAK = YES;
				CLANG_WARN_BLOCK_CAPTURE_AUTORELEASING = YES;
				CLANG_WARN_BOOL_CONVERSION = YES;
				CLANG_WARN_COMMA = YES;
				CLANG_WARN_CONSTANT_CONVERSION = YES;
				CLANG_WARN_DEPRECATED_OBJC_IMPLEMENTATIONS = YES;
				CLANG_WARN_DIRECT_OBJC_ISA_USAGE = YES_ERROR;
				CLANG_WARN_DOCUMENTATION_COMMENTS = YES;
				CLANG_WARN_EMPTY_BODY = YES;
				CLANG_WARN_ENUM_CONVERSION = YES;
				CLANG_WARN_INFINITE_RECURSION = YES;
				CLANG_WARN_INT_CONVERSION = YES;
				CLANG_WARN_NON_LITERAL_NULL_CONVERSION = YES;
				CLANG_WARN_OBJC_IMPLICIT_RETAIN_SELF = YES;
				CLANG_WARN_OBJC_LITERAL_CONVERSION = YES;
				CLANG_WARN_OBJC_ROOT_CLASS = YES_ERROR;
				CLANG_WARN_QUOTED_INCLUDE_IN_FRAMEWORK_HEADER = YES;
				CLANG_WARN_RANGE_LOOP_ANALYSIS = YES;
				CLANG_WARN_STRICT_PROTOTYPES = YES;
				CLANG_WARN_SUSPICIOUS_MOVE = YES;
				CLANG_WARN_UNGUARDED_AVAILABILITY = YES_AGGRESSIVE;
				CLANG_WARN_UNREACHABLE_CODE = YES;
				CLANG_WARN__DUPLICATE_METHOD_MATCH = YES;
				COPY_PHASE_STRIP = NO;
				DEBUG_INFORMATION_FORMAT = dwarf;
				ENABLE_STRICT_OBJC_MSGSEND = YES;
				ENABLE_TESTABILITY = YES;
				GCC_C_LANGUAGE_STANDARD = gnu11;
				GCC_DYNAMIC_NO_PIC = NO;
				GCC_NO_COMMON_BLOCKS = YES;
				GCC_OPTIMIZATION_LEVEL = 0;
				GCC_PREPROCESSOR_DEFINITIONS = (
					"DEBUG=1",
					"$(inherited)",
				);
				GCC_WARN_64_TO_32_BIT_CONVERSION = YES;
				GCC_WARN_ABOUT_RETURN_TYPE = YES_ERROR;
				GCC_WARN_UNDECLARED_SELECTOR = YES;
				GCC_WARN_UNINITIALIZED_AUTOS = YES_AGGRESSIVE;
				GCC_WARN_UNUSED_FUNCTION = YES;
				GCC_WARN_UNUSED_VARIABLE = YES;
				IPHONEOS_DEPLOYMENT_TARGET = 14.3;
				MTL_ENABLE_DEBUG_INFO = INCLUDE_SOURCE;
				MTL_FAST_MATH = YES;
				ONLY_ACTIVE_ARCH = YES;
				SDKROOT = iphoneos;
				SWIFT_ACTIVE_COMPILATION_CONDITIONS = DEBUG;
				SWIFT_OPTIMIZATION_LEVEL = "-Onone";
			};
			name = Debug;
		};
		1D8CA39225A7968800DBCE74 /* Release */ = {
			isa = XCBuildConfiguration;
			buildSettings = {
				ALWAYS_SEARCH_USER_PATHS = NO;
				CLANG_ANALYZER_NONNULL = YES;
				CLANG_ANALYZER_NUMBER_OBJECT_CONVERSION = YES_AGGRESSIVE;
				CLANG_CXX_LANGUAGE_STANDARD = "gnu++14";
				CLANG_CXX_LIBRARY = "libc++";
				CLANG_ENABLE_MODULES = YES;
				CLANG_ENABLE_OBJC_ARC = YES;
				CLANG_ENABLE_OBJC_WEAK = YES;
				CLANG_WARN_BLOCK_CAPTURE_AUTORELEASING = YES;
				CLANG_WARN_BOOL_CONVERSION = YES;
				CLANG_WARN_COMMA = YES;
				CLANG_WARN_CONSTANT_CONVERSION = YES;
				CLANG_WARN_DEPRECATED_OBJC_IMPLEMENTATIONS = YES;
				CLANG_WARN_DIRECT_OBJC_ISA_USAGE = YES_ERROR;
				CLANG_WARN_DOCUMENTATION_COMMENTS = YES;
				CLANG_WARN_EMPTY_BODY = YES;
				CLANG_WARN_ENUM_CONVERSION = YES;
				CLANG_WARN_INFINITE_RECURSION = YES;
				CLANG_WARN_INT_CONVERSION = YES;
				CLANG_WARN_NON_LITERAL_NULL_CONVERSION = YES;
				CLANG_WARN_OBJC_IMPLICIT_RETAIN_SELF = YES;
				CLANG_WARN_OBJC_LITERAL_CONVERSION = YES;
				CLANG_WARN_OBJC_ROOT_CLASS = YES_ERROR;
				CLANG_WARN_QUOTED_INCLUDE_IN_FRAMEWORK_HEADER = YES;
				CLANG_WARN_RANGE_LOOP_ANALYSIS = YES;
				CLANG_WARN_STRICT_PROTOTYPES = YES;
				CLANG_WARN_SUSPICIOUS_MOVE = YES;
				CLANG_WARN_UNGUARDED_AVAILABILITY = YES_AGGRESSIVE;
				CLANG_WARN_UNREACHABLE_CODE = YES;
				CLANG_WARN__DUPLICATE_METHOD_MATCH = YES;
				COPY_PHASE_STRIP = NO;
				DEBUG_INFORMATION_FORMAT = "dwarf-with-dsym";
				ENABLE_NS_ASSERTIONS = NO;
				ENABLE_STRICT_OBJC_MSGSEND = YES;
				GCC_C_LANGUAGE_STANDARD = gnu11;
				GCC_NO_COMMON_BLOCKS = YES;
				GCC_WARN_64_TO_32_BIT_CONVERSION = YES;
				GCC_WARN_ABOUT_RETURN_TYPE = YES_ERROR;
				GCC_WARN_UNDECLARED_SELECTOR = YES;
				GCC_WARN_UNINITIALIZED_AUTOS = YES_AGGRESSIVE;
				GCC_WARN_UNUSED_FUNCTION = YES;
				GCC_WARN_UNUSED_VARIABLE = YES;
				IPHONEOS_DEPLOYMENT_TARGET = 14.3;
				MTL_ENABLE_DEBUG_INFO = NO;
				MTL_FAST_MATH = YES;
				SDKROOT = iphoneos;
				SWIFT_COMPILATION_MODE = wholemodule;
				SWIFT_OPTIMIZATION_LEVEL = "-O";
				VALIDATE_PRODUCT = YES;
			};
			name = Release;
		};
		1D8CA39425A7968800DBCE74 /* Debug */ = {
			isa = XCBuildConfiguration;
			buildSettings = {
				ASSETCATALOG_COMPILER_APPICON_NAME = AppIcon;
				ASSETCATALOG_COMPILER_GLOBAL_ACCENT_COLOR_NAME = AccentColor;
				CODE_SIGN_STYLE = Automatic;
				DEVELOPMENT_TEAM = 5525GJ5XAJ;
				INFOPLIST_FILE = FoodManChu/Info.plist;
				LD_RUNPATH_SEARCH_PATHS = (
					"$(inherited)",
					"@executable_path/Frameworks",
				);
				PRODUCT_BUNDLE_IDENTIFIER = com.rickmartinez.FoodManChu;
				PRODUCT_NAME = "$(TARGET_NAME)";
				SWIFT_VERSION = 5.0;
				TARGETED_DEVICE_FAMILY = "1,2";
			};
			name = Debug;
		};
		1D8CA39525A7968800DBCE74 /* Release */ = {
			isa = XCBuildConfiguration;
			buildSettings = {
				ASSETCATALOG_COMPILER_APPICON_NAME = AppIcon;
				ASSETCATALOG_COMPILER_GLOBAL_ACCENT_COLOR_NAME = AccentColor;
				CODE_SIGN_STYLE = Automatic;
				DEVELOPMENT_TEAM = 5525GJ5XAJ;
				INFOPLIST_FILE = FoodManChu/Info.plist;
				LD_RUNPATH_SEARCH_PATHS = (
					"$(inherited)",
					"@executable_path/Frameworks",
				);
				PRODUCT_BUNDLE_IDENTIFIER = com.rickmartinez.FoodManChu;
				PRODUCT_NAME = "$(TARGET_NAME)";
				SWIFT_VERSION = 5.0;
				TARGETED_DEVICE_FAMILY = "1,2";
			};
			name = Release;
		};
/* End XCBuildConfiguration section */

/* Begin XCConfigurationList section */
		1D8CA37725A7968700DBCE74 /* Build configuration list for PBXProject "FoodManChu" */ = {
			isa = XCConfigurationList;
			buildConfigurations = (
				1D8CA39125A7968800DBCE74 /* Debug */,
				1D8CA39225A7968800DBCE74 /* Release */,
			);
			defaultConfigurationIsVisible = 0;
			defaultConfigurationName = Release;
		};
		1D8CA39325A7968800DBCE74 /* Build configuration list for PBXNativeTarget "FoodManChu" */ = {
			isa = XCConfigurationList;
			buildConfigurations = (
				1D8CA39425A7968800DBCE74 /* Debug */,
				1D8CA39525A7968800DBCE74 /* Release */,
			);
			defaultConfigurationIsVisible = 0;
			defaultConfigurationName = Release;
		};
/* End XCConfigurationList section */

/* Begin XCVersionGroup section */
		1D8CA38825A7968700DBCE74 /* FoodManChu.xcdatamodeld */ = {
			isa = XCVersionGroup;
			children = (
				1D8CA38925A7968700DBCE74 /* FoodManChu.xcdatamodel */,
			);
			currentVersion = 1D8CA38925A7968700DBCE74 /* FoodManChu.xcdatamodel */;
			path = FoodManChu.xcdatamodeld;
			sourceTree = "<group>";
			versionGroupType = wrapper.xcdatamodel;
		};
/* End XCVersionGroup section */
	};
	rootObject = 1D8CA37425A7968700DBCE74 /* Project object */;
}
